
Microsoft Visual Studio Solution File, Format Version 12.00
# Visual Studio Version 17
VisualStudioVersion = 17.14.36518.9 d17.14
MinimumVisualStudioVersion = 10.0.40219.1
Project("{FAE04EC0-301F-11D3-BF4B-00C04F79EFBC}") = "SilksongAccess", "SilksongAccess\SilksongAccess.csproj", "{7ADCA984-3AD1-441D-9B27-3E6B8F82C10E}"
EndProject
Global
	GlobalSection(SolutionConfigurationPlatforms) = preSolution
		Debug|Any CPU = Debug|Any CPU
		Release|Any CPU = Release|Any CPU
	EndGlobalSection
	GlobalSection(ProjectConfigurationPlatforms) = postSolution
		{7ADCA984-3AD1-441D-9B27-3E6B8F82C10E}.Debug|Any CPU.ActiveCfg = Debug|Any CPU
		{7ADCA984-3AD1-441D-9B27-3E6B8F82C10E}.Debug|Any CPU.Build.0 = Debug|Any CPU
		{7ADCA984-3AD1-441D-9B27-3E6B8F82C10E}.Release|Any CPU.ActiveCfg = Release|Any CPU
		{7ADCA984-3AD1-441D-9B27-3E6B8F82C10E}.Release|Any CPU.Build.0 = Release|Any CPU
	EndGlobalSection
	GlobalSection(SolutionProperties) = preSolution
		HideSolutionNode = FALSE
	EndGlobalSection
	GlobalSection(ExtensibilityGlobals) = postSolution
		SolutionGuid = {A8C98673-0458-46D7-A0F3-9F97FBE12D03}
	EndGlobalSection
EndGlobal
